
Microsoft Visual Studio Solution File, Format Version 12.00
# Visual Studio Version 16
VisualStudioVersion = 16.0.810.8
MinimumVisualStudioVersion = 10.0.40219.1
Project("{9A19103F-16F7-4668-BE54-9A1E7A4F7556}") = "Greetings", "Greetings\Greetings.csproj", "{C599021F-215F-4533-89B1-33D9220B813B}"
EndProject
Project("{FAE04EC0-301F-11D3-BF4B-00C04F79EFBC}") = "Практика1", "Практика1\Практика1.csproj", "{330E6736-5B1C-4711-8B20-E648628C4738}"
EndProject
Project("{FAE04EC0-301F-11D3-BF4B-00C04F79EFBC}") = "Практика21", "Практика2\Практика21.csproj", "{125EFD2A-0BE1-4F65-9AFB-F274A1AFC5A6}"
EndProject
Project("{FAE04EC0-301F-11D3-BF4B-00C04F79EFBC}") = "Практика22", "Практика22\Практика22.csproj", "{6F3E6A05-FDA3-432E-80F5-F07D665D6D65}"
EndProject
Project("{FAE04EC0-301F-11D3-BF4B-00C04F79EFBC}") = "Практика23", "Практика23\Практика23.csproj", "{755992FF-E550-4B24-89BA-714BAC62280B}"
EndProject
Project("{FAE04EC0-301F-11D3-BF4B-00C04F79EFBC}") = "Практика24", "Практика24\Практика24.csproj", "{49F58284-674E-4273-8FBF-C2084B8B7CB3}"
EndProject
Project("{9A19103F-16F7-4668-BE54-9A1E7A4F7556}") = "Практика32", "Практика32\Практика32.csproj", "{D54F5B43-2E79-4C16-BFDC-655EBAED9178}"
EndProject
Project("{9A19103F-16F7-4668-BE54-9A1E7A4F7556}") = "Практика33", "Практика33\Практика33.csproj", "{8D1ABCAD-0734-47CC-93C9-1D2C559719A9}"
EndProject
Project("{9A19103F-16F7-4668-BE54-9A1E7A4F7556}") = "Практика3BT1", "Практика3BT1\Практика3BT1.csproj", "{7B968898-AF1F-4045-951D-07430ACDC41B}"
EndProject
Project("{9A19103F-16F7-4668-BE54-9A1E7A4F7556}") = "Практика4", "Практика4\Практика4.csproj", "{756222A0-2572-4602-AEC2-E4007CC77B4D}"
EndProject
Project("{9A19103F-16F7-4668-BE54-9A1E7A4F7556}") = "Практика51", "Практика51\Практика51.csproj", "{E16B232A-C91D-4FB1-B7CF-C0A932A5B68B}"
EndProject
Project("{9A19103F-16F7-4668-BE54-9A1E7A4F7556}") = "Практика52", "Практика52\Практика52.csproj", "{A9905724-865B-43A5-B30F-1108E9EF7804}"
EndProject
Project("{9A19103F-16F7-4668-BE54-9A1E7A4F7556}") = "Практика53", "Practics53\Практика53.csproj", "{E70DC7C0-9901-443A-85FA-4B3AC170D50A}"
EndProject
Project("{FAE04EC0-301F-11D3-BF4B-00C04F79EFBC}") = "Практика62", "Практика62\Практика62.csproj", "{3B898E56-405A-4FC3-AC95-ECAE00BD911B}"
EndProject
Project("{FAE04EC0-301F-11D3-BF4B-00C04F79EFBC}") = "Гномы", "Гномы\Гномы.csproj", "{9A70097D-27AB-4CF4-88B2-85B3648E37EC}"
EndProject
Project("{9344BDBB-3E7F-41FC-A0DD-8665D75EE146}") = "Практика31", "Практика51\Практика31.csproj", "{5E9BC6AD-F33B-4449-A9DF-494CFEBCDEB8}"
EndProject
Project("{FAE04EC0-301F-11D3-BF4B-00C04F79EFBC}") = "Практика71", "Практика7\Практика71.csproj", "{D395349B-7C96-4D70-9DAA-768C35F5B40E}"
EndProject
Project("{FAE04EC0-301F-11D3-BF4B-00C04F79EFBC}") = "Практика72", "Практика72\Практика72.csproj", "{435562F8-9386-40FE-98E9-1825E99741D1}"
EndProject
Project("{9A19103F-16F7-4668-BE54-9A1E7A4F7556}") = "Практика8", "Практика8\Практика8.csproj", "{AC1CA4AD-363A-4B58-8AC7-EA6FA41482A8}"
EndProject
Project("{FAE04EC0-301F-11D3-BF4B-00C04F79EFBC}") = "Практика9", "Практика9\Практика9.csproj", "{C8612507-3950-44CD-A165-8DB2814A9632}"
EndProject
Global
	GlobalSection(SolutionConfigurationPlatforms) = preSolution
		Debug|Any CPU = Debug|Any CPU
		Release|Any CPU = Release|Any CPU
	EndGlobalSection
	GlobalSection(ProjectConfigurationPlatforms) = postSolution
		{C599021F-215F-4533-89B1-33D9220B813B}.Debug|Any CPU.ActiveCfg = Debug|Any CPU
		{C599021F-215F-4533-89B1-33D9220B813B}.Debug|Any CPU.Build.0 = Debug|Any CPU
		{C599021F-215F-4533-89B1-33D9220B813B}.Release|Any CPU.ActiveCfg = Release|Any CPU
		{C599021F-215F-4533-89B1-33D9220B813B}.Release|Any CPU.Build.0 = Release|Any CPU
		{330E6736-5B1C-4711-8B20-E648628C4738}.Debug|Any CPU.ActiveCfg = Debug|Any CPU
		{330E6736-5B1C-4711-8B20-E648628C4738}.Debug|Any CPU.Build.0 = Debug|Any CPU
		{330E6736-5B1C-4711-8B20-E648628C4738}.Release|Any CPU.ActiveCfg = Release|Any CPU
		{330E6736-5B1C-4711-8B20-E648628C4738}.Release|Any CPU.Build.0 = Release|Any CPU
		{125EFD2A-0BE1-4F65-9AFB-F274A1AFC5A6}.Debug|Any CPU.ActiveCfg = Debug|Any CPU
		{125EFD2A-0BE1-4F65-9AFB-F274A1AFC5A6}.Debug|Any CPU.Build.0 = Debug|Any CPU
		{125EFD2A-0BE1-4F65-9AFB-F274A1AFC5A6}.Release|Any CPU.ActiveCfg = Release|Any CPU
		{125EFD2A-0BE1-4F65-9AFB-F274A1AFC5A6}.Release|Any CPU.Build.0 = Release|Any CPU
		{6F3E6A05-FDA3-432E-80F5-F07D665D6D65}.Debug|Any CPU.ActiveCfg = Debug|Any CPU
		{6F3E6A05-FDA3-432E-80F5-F07D665D6D65}.Debug|Any CPU.Build.0 = Debug|Any CPU
		{6F3E6A05-FDA3-432E-80F5-F07D665D6D65}.Release|Any CPU.ActiveCfg = Release|Any CPU
		{6F3E6A05-FDA3-432E-80F5-F07D665D6D65}.Release|Any CPU.Build.0 = Release|Any CPU
		{755992FF-E550-4B24-89BA-714BAC62280B}.Debug|Any CPU.ActiveCfg = Debug|Any CPU
		{755992FF-E550-4B24-89BA-714BAC62280B}.Debug|Any CPU.Build.0 = Debug|Any CPU
		{755992FF-E550-4B24-89BA-714BAC62280B}.Release|Any CPU.ActiveCfg = Release|Any CPU
		{755992FF-E550-4B24-89BA-714BAC62280B}.Release|Any CPU.Build.0 = Release|Any CPU
		{49F58284-674E-4273-8FBF-C2084B8B7CB3}.Debug|Any CPU.ActiveCfg = Debug|Any CPU
		{49F58284-674E-4273-8FBF-C2084B8B7CB3}.Debug|Any CPU.Build.0 = Debug|Any CPU
		{49F58284-674E-4273-8FBF-C2084B8B7CB3}.Release|Any CPU.ActiveCfg = Release|Any CPU
		{49F58284-674E-4273-8FBF-C2084B8B7CB3}.Release|Any CPU.Build.0 = Release|Any CPU
		{D54F5B43-2E79-4C16-BFDC-655EBAED9178}.Debug|Any CPU.ActiveCfg = Debug|Any CPU
		{D54F5B43-2E79-4C16-BFDC-655EBAED9178}.Debug|Any CPU.Build.0 = Debug|Any CPU
		{D54F5B43-2E79-4C16-BFDC-655EBAED9178}.Release|Any CPU.ActiveCfg = Release|Any CPU
		{D54F5B43-2E79-4C16-BFDC-655EBAED9178}.Release|Any CPU.Build.0 = Release|Any CPU
		{8D1ABCAD-0734-47CC-93C9-1D2C559719A9}.Debug|Any CPU.ActiveCfg = Debug|Any CPU
		{8D1ABCAD-0734-47CC-93C9-1D2C559719A9}.Debug|Any CPU.Build.0 = Debug|Any CPU
		{8D1ABCAD-0734-47CC-93C9-1D2C559719A9}.Release|Any CPU.ActiveCfg = Release|Any CPU
		{8D1ABCAD-0734-47CC-93C9-1D2C559719A9}.Release|Any CPU.Build.0 = Release|Any CPU
		{7B968898-AF1F-4045-951D-07430ACDC41B}.Debug|Any CPU.ActiveCfg = Debug|Any CPU
		{7B968898-AF1F-4045-951D-07430ACDC41B}.Debug|Any CPU.Build.0 = Debug|Any CPU
		{7B968898-AF1F-4045-951D-07430ACDC41B}.Release|Any CPU.ActiveCfg = Release|Any CPU
		{7B968898-AF1F-4045-951D-07430ACDC41B}.Release|Any CPU.Build.0 = Release|Any CPU
		{756222A0-2572-4602-AEC2-E4007CC77B4D}.Debug|Any CPU.ActiveCfg = Debug|Any CPU
		{756222A0-2572-4602-AEC2-E4007CC77B4D}.Debug|Any CPU.Build.0 = Debug|Any CPU
		{756222A0-2572-4602-AEC2-E4007CC77B4D}.Release|Any CPU.ActiveCfg = Release|Any CPU
		{756222A0-2572-4602-AEC2-E4007CC77B4D}.Release|Any CPU.Build.0 = Release|Any CPU
		{E16B232A-C91D-4FB1-B7CF-C0A932A5B68B}.Debug|Any CPU.ActiveCfg = Debug|Any CPU
		{E16B232A-C91D-4FB1-B7CF-C0A932A5B68B}.Debug|Any CPU.Build.0 = Debug|Any CPU
		{E16B232A-C91D-4FB1-B7CF-C0A932A5B68B}.Release|Any CPU.ActiveCfg = Release|Any CPU
		{E16B232A-C91D-4FB1-B7CF-C0A932A5B68B}.Release|Any CPU.Build.0 = Release|Any CPU
		{A9905724-865B-43A5-B30F-1108E9EF7804}.Debug|Any CPU.ActiveCfg = Debug|Any CPU
		{A9905724-865B-43A5-B30F-1108E9EF7804}.Debug|Any CPU.Build.0 = Debug|Any CPU
		{A9905724-865B-43A5-B30F-1108E9EF7804}.Release|Any CPU.ActiveCfg = Release|Any CPU
		{A9905724-865B-43A5-B30F-1108E9EF7804}.Release|Any CPU.Build.0 = Release|Any CPU
		{E70DC7C0-9901-443A-85FA-4B3AC170D50A}.Debug|Any CPU.ActiveCfg = Debug|Any CPU
		{E70DC7C0-9901-443A-85FA-4B3AC170D50A}.Debug|Any CPU.Build.0 = Debug|Any CPU
		{E70DC7C0-9901-443A-85FA-4B3AC170D50A}.Release|Any CPU.ActiveCfg = Release|Any CPU
		{E70DC7C0-9901-443A-85FA-4B3AC170D50A}.Release|Any CPU.Build.0 = Release|Any CPU
		{3B898E56-405A-4FC3-AC95-ECAE00BD911B}.Debug|Any CPU.ActiveCfg = Debug|Any CPU
		{3B898E56-405A-4FC3-AC95-ECAE00BD911B}.Debug|Any CPU.Build.0 = Debug|Any CPU
		{3B898E56-405A-4FC3-AC95-ECAE00BD911B}.Release|Any CPU.ActiveCfg = Release|Any CPU
		{3B898E56-405A-4FC3-AC95-ECAE00BD911B}.Release|Any CPU.Build.0 = Release|Any CPU
		{9A70097D-27AB-4CF4-88B2-85B3648E37EC}.Debug|Any CPU.ActiveCfg = Debug|Any CPU
		{9A70097D-27AB-4CF4-88B2-85B3648E37EC}.Debug|Any CPU.Build.0 = Debug|Any CPU
		{9A70097D-27AB-4CF4-88B2-85B3648E37EC}.Release|Any CPU.ActiveCfg = Release|Any CPU
		{9A70097D-27AB-4CF4-88B2-85B3648E37EC}.Release|Any CPU.Build.0 = Release|Any CPU
		{5E9BC6AD-F33B-4449-A9DF-494CFEBCDEB8}.Debug|Any CPU.ActiveCfg = Debug|Any CPU
		{5E9BC6AD-F33B-4449-A9DF-494CFEBCDEB8}.Debug|Any CPU.Build.0 = Debug|Any CPU
		{5E9BC6AD-F33B-4449-A9DF-494CFEBCDEB8}.Release|Any CPU.ActiveCfg = Release|Any CPU
		{5E9BC6AD-F33B-4449-A9DF-494CFEBCDEB8}.Release|Any CPU.Build.0 = Release|Any CPU
		{D395349B-7C96-4D70-9DAA-768C35F5B40E}.Debug|Any CPU.ActiveCfg = Debug|Any CPU
		{D395349B-7C96-4D70-9DAA-768C35F5B40E}.Debug|Any CPU.Build.0 = Debug|Any CPU
		{D395349B-7C96-4D70-9DAA-768C35F5B40E}.Release|Any CPU.ActiveCfg = Release|Any CPU
		{D395349B-7C96-4D70-9DAA-768C35F5B40E}.Release|Any CPU.Build.0 = Release|Any CPU
		{435562F8-9386-40FE-98E9-1825E99741D1}.Debug|Any CPU.ActiveCfg = Debug|Any CPU
		{435562F8-9386-40FE-98E9-1825E99741D1}.Debug|Any CPU.Build.0 = Debug|Any CPU
		{435562F8-9386-40FE-98E9-1825E99741D1}.Release|Any CPU.ActiveCfg = Release|Any CPU
		{435562F8-9386-40FE-98E9-1825E99741D1}.Release|Any CPU.Build.0 = Release|Any CPU
		{AC1CA4AD-363A-4B58-8AC7-EA6FA41482A8}.Debug|Any CPU.ActiveCfg = Debug|Any CPU
		{AC1CA4AD-363A-4B58-8AC7-EA6FA41482A8}.Debug|Any CPU.Build.0 = Debug|Any CPU
		{AC1CA4AD-363A-4B58-8AC7-EA6FA41482A8}.Release|Any CPU.ActiveCfg = Release|Any CPU
		{AC1CA4AD-363A-4B58-8AC7-EA6FA41482A8}.Release|Any CPU.Build.0 = Release|Any CPU
		{C8612507-3950-44CD-A165-8DB2814A9632}.Debug|Any CPU.ActiveCfg = Debug|Any CPU
		{C8612507-3950-44CD-A165-8DB2814A9632}.Debug|Any CPU.Build.0 = Debug|Any CPU
		{C8612507-3950-44CD-A165-8DB2814A9632}.Release|Any CPU.ActiveCfg = Release|Any CPU
		{C8612507-3950-44CD-A165-8DB2814A9632}.Release|Any CPU.Build.0 = Release|Any CPU
	EndGlobalSection
	GlobalSection(SolutionProperties) = preSolution
		HideSolutionNode = FALSE
	EndGlobalSection
	GlobalSection(ExtensibilityGlobals) = postSolution
		SolutionGuid = {20D3127B-13C3-44D3-8143-3075F1AD6D83}
	EndGlobalSection
EndGlobal
